// !$*UTF8*$!
{
	archiveVersion = 1;
	classes = {
	};
	objectVersion = 46;
	objects = {

/* Begin PBXBuildFile section */
		03E2D4D91F29810C006D3727 /* CurrencyConversion_Common.framework in Frameworks */ = {isa = PBXBuildFile; fileRef = 03E2D4D81F29810C006D3727 /* CurrencyConversion_Common.framework */; };
		03E2D4DA1F29810C006D3727 /* CurrencyConversion_Common.framework in Embed Frameworks */ = {isa = PBXBuildFile; fileRef = 03E2D4D81F29810C006D3727 /* CurrencyConversion_Common.framework */; settings = {ATTRIBUTES = (CodeSignOnCopy, RemoveHeadersOnCopy, ); }; };
		03E2D4E31F298669006D3727 /* CurrencyConversion_MVVMTests.swift in Sources */ = {isa = PBXBuildFile; fileRef = 03E2D4E21F298669006D3727 /* CurrencyConversion_MVVMTests.swift */; };
		03E2D4EB1F298870006D3727 /* RxSwift.framework in Frameworks */ = {isa = PBXBuildFile; fileRef = D7D46F591F0B02DC009AD655 /* RxSwift.framework */; };
		D7D46F411F0AF8D2009AD655 /* AppDelegate.swift in Sources */ = {isa = PBXBuildFile; fileRef = D7D46F401F0AF8D2009AD655 /* AppDelegate.swift */; };
		D7D46F431F0AF8D2009AD655 /* ViewController.swift in Sources */ = {isa = PBXBuildFile; fileRef = D7D46F421F0AF8D2009AD655 /* ViewController.swift */; };
		D7D46F461F0AF8D2009AD655 /* Main.storyboard in Resources */ = {isa = PBXBuildFile; fileRef = D7D46F441F0AF8D2009AD655 /* Main.storyboard */; };
		D7D46F481F0AF8D2009AD655 /* Assets.xcassets in Resources */ = {isa = PBXBuildFile; fileRef = D7D46F471F0AF8D2009AD655 /* Assets.xcassets */; };
		D7D46F4B1F0AF8D2009AD655 /* LaunchScreen.storyboard in Resources */ = {isa = PBXBuildFile; fileRef = D7D46F491F0AF8D2009AD655 /* LaunchScreen.storyboard */; };
		D7D46F571F0AFDA9009AD655 /* ViewModel.swift in Sources */ = {isa = PBXBuildFile; fileRef = D7D46F561F0AFDA9009AD655 /* ViewModel.swift */; };
		D7D46F5A1F0B02DC009AD655 /* RxSwift.framework in Frameworks */ = {isa = PBXBuildFile; fileRef = D7D46F591F0B02DC009AD655 /* RxSwift.framework */; };
		D7D46F5C1F0B0355009AD655 /* RxCocoa.framework in Frameworks */ = {isa = PBXBuildFile; fileRef = D7D46F5B1F0B0355009AD655 /* RxCocoa.framework */; };
/* End PBXBuildFile section */

/* Begin PBXContainerItemProxy section */
		03E2D4E51F298669006D3727 /* PBXContainerItemProxy */ = {
			isa = PBXContainerItemProxy;
			containerPortal = D7D46F351F0AF8D2009AD655 /* Project object */;
			proxyType = 1;
			remoteGlobalIDString = D7D46F3C1F0AF8D2009AD655;
			remoteInfo = "CurrencyConversion-MVVM";
		};
/* End PBXContainerItemProxy section */

/* Begin PBXCopyFilesBuildPhase section */
		03E2D4DB1F29810C006D3727 /* Embed Frameworks */ = {
			isa = PBXCopyFilesBuildPhase;
			buildActionMask = 2147483647;
			dstPath = "";
			dstSubfolderSpec = 10;
			files = (
				03E2D4DA1F29810C006D3727 /* CurrencyConversion_Common.framework in Embed Frameworks */,
			);
			name = "Embed Frameworks";
			runOnlyForDeploymentPostprocessing = 0;
		};
/* End PBXCopyFilesBuildPhase section */

/* Begin PBXFileReference section */
		03E2D4D81F29810C006D3727 /* CurrencyConversion_Common.framework */ = {isa = PBXFileReference; explicitFileType = wrapper.framework; path = CurrencyConversion_Common.framework; sourceTree = BUILT_PRODUCTS_DIR; };
		03E2D4E01F298669006D3727 /* CurrencyConversion-MVVMTests.xctest */ = {isa = PBXFileReference; explicitFileType = wrapper.cfbundle; includeInIndex = 0; path = "CurrencyConversion-MVVMTests.xctest"; sourceTree = BUILT_PRODUCTS_DIR; };
		03E2D4E21F298669006D3727 /* CurrencyConversion_MVVMTests.swift */ = {isa = PBXFileReference; lastKnownFileType = sourcecode.swift; path = CurrencyConversion_MVVMTests.swift; sourceTree = "<group>"; };
		03E2D4E41F298669006D3727 /* Info.plist */ = {isa = PBXFileReference; lastKnownFileType = text.plist.xml; path = Info.plist; sourceTree = "<group>"; };
		D7D46F3D1F0AF8D2009AD655 /* CurrencyConversion-MVVM.app */ = {isa = PBXFileReference; explicitFileType = wrapper.application; includeInIndex = 0; path = "CurrencyConversion-MVVM.app"; sourceTree = BUILT_PRODUCTS_DIR; };
		D7D46F401F0AF8D2009AD655 /* AppDelegate.swift */ = {isa = PBXFileReference; lastKnownFileType = sourcecode.swift; path = AppDelegate.swift; sourceTree = "<group>"; };
		D7D46F421F0AF8D2009AD655 /* ViewController.swift */ = {isa = PBXFileReference; lastKnownFileType = sourcecode.swift; path = ViewController.swift; sourceTree = "<group>"; };
		D7D46F451F0AF8D2009AD655 /* Base */ = {isa = PBXFileReference; lastKnownFileType = file.storyboard; name = Base; path = Base.lproj/Main.storyboard; sourceTree = "<group>"; };
		D7D46F471F0AF8D2009AD655 /* Assets.xcassets */ = {isa = PBXFileReference; lastKnownFileType = folder.assetcatalog; path = Assets.xcassets; sourceTree = "<group>"; };
		D7D46F4A1F0AF8D2009AD655 /* Base */ = {isa = PBXFileReference; lastKnownFileType = file.storyboard; name = Base; path = Base.lproj/LaunchScreen.storyboard; sourceTree = "<group>"; };
		D7D46F4C1F0AF8D2009AD655 /* Info.plist */ = {isa = PBXFileReference; lastKnownFileType = text.plist.xml; path = Info.plist; sourceTree = "<group>"; };
		D7D46F531F0AFCAA009AD655 /* RxSwift.framework */ = {isa = PBXFileReference; lastKnownFileType = wrapper.framework; name = RxSwift.framework; path = ../Carthage/Build/iOS/RxSwift.framework; sourceTree = "<group>"; };
		D7D46F561F0AFDA9009AD655 /* ViewModel.swift */ = {isa = PBXFileReference; fileEncoding = 4; lastKnownFileType = sourcecode.swift; path = ViewModel.swift; sourceTree = "<group>"; };
		D7D46F591F0B02DC009AD655 /* RxSwift.framework */ = {isa = PBXFileReference; lastKnownFileType = wrapper.framework; name = RxSwift.framework; path = Carthage/Build/iOS/RxSwift.framework; sourceTree = "<group>"; };
		D7D46F5B1F0B0355009AD655 /* RxCocoa.framework */ = {isa = PBXFileReference; lastKnownFileType = wrapper.framework; name = RxCocoa.framework; path = Carthage/Build/iOS/RxCocoa.framework; sourceTree = "<group>"; };
/* End PBXFileReference section */

/* Begin PBXFrameworksBuildPhase section */
		03E2D4DD1F298669006D3727 /* Frameworks */ = {
			isa = PBXFrameworksBuildPhase;
			buildActionMask = 2147483647;
			files = (
				03E2D4EB1F298870006D3727 /* RxSwift.framework in Frameworks */,
			);
			runOnlyForDeploymentPostprocessing = 0;
		};
		D7D46F3A1F0AF8D2009AD655 /* Frameworks */ = {
			isa = PBXFrameworksBuildPhase;
			buildActionMask = 2147483647;
			files = (
				D7D46F5C1F0B0355009AD655 /* RxCocoa.framework in Frameworks */,
				03E2D4D91F29810C006D3727 /* CurrencyConversion_Common.framework in Frameworks */,
				D7D46F5A1F0B02DC009AD655 /* RxSwift.framework in Frameworks */,
			);
			runOnlyForDeploymentPostprocessing = 0;
		};
/* End PBXFrameworksBuildPhase section */

/* Begin PBXGroup section */
		03E2D4D61F2980DB006D3727 /* View */ = {
			isa = PBXGroup;
			children = (
				D7D46F421F0AF8D2009AD655 /* ViewController.swift */,
				D7D46F441F0AF8D2009AD655 /* Main.storyboard */,
			);
			name = View;
			sourceTree = "<group>";
		};
		03E2D4D71F2980EF006D3727 /* ViewModel */ = {
			isa = PBXGroup;
			children = (
				D7D46F561F0AFDA9009AD655 /* ViewModel.swift */,
			);
			name = ViewModel;
			sourceTree = "<group>";
		};
		03E2D4E11F298669006D3727 /* CurrencyConversion-MVVMTests */ = {
			isa = PBXGroup;
			children = (
				03E2D4E21F298669006D3727 /* CurrencyConversion_MVVMTests.swift */,
				03E2D4E41F298669006D3727 /* Info.plist */,
			);
			path = "CurrencyConversion-MVVMTests";
			sourceTree = "<group>";
		};
		D7D46F341F0AF8D2009AD655 = {
			isa = PBXGroup;
			children = (
				03E2D4D81F29810C006D3727 /* CurrencyConversion_Common.framework */,
				D7D46F3F1F0AF8D2009AD655 /* CurrencyConversion-MVVM */,
				03E2D4E11F298669006D3727 /* CurrencyConversion-MVVMTests */,
				D7D46F3E1F0AF8D2009AD655 /* Products */,
				D7D46F521F0AFCAA009AD655 /* Frameworks */,
			);
			sourceTree = "<group>";
		};
		D7D46F3E1F0AF8D2009AD655 /* Products */ = {
			isa = PBXGroup;
			children = (
				D7D46F3D1F0AF8D2009AD655 /* CurrencyConversion-MVVM.app */,
				03E2D4E01F298669006D3727 /* CurrencyConversion-MVVMTests.xctest */,
			);
			name = Products;
			sourceTree = "<group>";
		};
		D7D46F3F1F0AF8D2009AD655 /* CurrencyConversion-MVVM */ = {
			isa = PBXGroup;
			children = (
				03E2D4D61F2980DB006D3727 /* View */,
				03E2D4D71F2980EF006D3727 /* ViewModel */,
				D7D46F401F0AF8D2009AD655 /* AppDelegate.swift */,
				D7D46F471F0AF8D2009AD655 /* Assets.xcassets */,
				D7D46F491F0AF8D2009AD655 /* LaunchScreen.storyboard */,
				D7D46F4C1F0AF8D2009AD655 /* Info.plist */,
			);
			path = "CurrencyConversion-MVVM";
			sourceTree = "<group>";
		};
		D7D46F521F0AFCAA009AD655 /* Frameworks */ = {
			isa = PBXGroup;
			children = (
				D7D46F5B1F0B0355009AD655 /* RxCocoa.framework */,
				D7D46F591F0B02DC009AD655 /* RxSwift.framework */,
				D7D46F531F0AFCAA009AD655 /* RxSwift.framework */,
			);
			name = Frameworks;
			sourceTree = "<group>";
		};
/* End PBXGroup section */

/* Begin PBXNativeTarget section */
		03E2D4DF1F298669006D3727 /* CurrencyConversion-MVVMTests */ = {
			isa = PBXNativeTarget;
			buildConfigurationList = 03E2D4E71F298669006D3727 /* Build configuration list for PBXNativeTarget "CurrencyConversion-MVVMTests" */;
			buildPhases = (
				03E2D4DC1F298669006D3727 /* Sources */,
				03E2D4DD1F298669006D3727 /* Frameworks */,
				03E2D4DE1F298669006D3727 /* Resources */,
			);
			buildRules = (
			);
			dependencies = (
				03E2D4E61F298669006D3727 /* PBXTargetDependency */,
			);
			name = "CurrencyConversion-MVVMTests";
			productName = "CurrencyConversion-MVVMTests";
			productReference = 03E2D4E01F298669006D3727 /* CurrencyConversion-MVVMTests.xctest */;
			productType = "com.apple.product-type.bundle.unit-test";
		};
		D7D46F3C1F0AF8D2009AD655 /* CurrencyConversion-MVVM */ = {
			isa = PBXNativeTarget;
			buildConfigurationList = D7D46F4F1F0AF8D2009AD655 /* Build configuration list for PBXNativeTarget "CurrencyConversion-MVVM" */;
			buildPhases = (
				D7D46F551F0AFCC9009AD655 /* ShellScript */,
				D7D46F391F0AF8D2009AD655 /* Sources */,
				D7D46F3A1F0AF8D2009AD655 /* Frameworks */,
				D7D46F3B1F0AF8D2009AD655 /* Resources */,
				03E2D4DB1F29810C006D3727 /* Embed Frameworks */,
			);
			buildRules = (
			);
			dependencies = (
			);
			name = "CurrencyConversion-MVVM";
			productName = "CurrencyConversion-MVVM";
			productReference = D7D46F3D1F0AF8D2009AD655 /* CurrencyConversion-MVVM.app */;
			productType = "com.apple.product-type.application";
		};
/* End PBXNativeTarget section */

/* Begin PBXProject section */
		D7D46F351F0AF8D2009AD655 /* Project object */ = {
			isa = PBXProject;
			attributes = {
				LastSwiftUpdateCheck = 0830;
				LastUpgradeCheck = 0830;
				ORGANIZATIONNAME = Test;
				TargetAttributes = {
					03E2D4DF1F298669006D3727 = {
						CreatedOnToolsVersion = 8.3.3;
						DevelopmentTeam = SM5YYQV5KY;
						ProvisioningStyle = Automatic;
						TestTargetID = D7D46F3C1F0AF8D2009AD655;
					};
					D7D46F3C1F0AF8D2009AD655 = {
						CreatedOnToolsVersion = 8.3.3;
						ProvisioningStyle = Automatic;
					};
				};
			};
			buildConfigurationList = D7D46F381F0AF8D2009AD655 /* Build configuration list for PBXProject "CurrencyConversion-MVVM" */;
			compatibilityVersion = "Xcode 3.2";
			developmentRegion = English;
			hasScannedForEncodings = 0;
			knownRegions = (
				en,
				Base,
			);
			mainGroup = D7D46F341F0AF8D2009AD655;
			productRefGroup = D7D46F3E1F0AF8D2009AD655 /* Products */;
			projectDirPath = "";
			projectRoot = "";
			targets = (
				D7D46F3C1F0AF8D2009AD655 /* CurrencyConversion-MVVM */,
				03E2D4DF1F298669006D3727 /* CurrencyConversion-MVVMTests */,
			);
		};
/* End PBXProject section */

/* Begin PBXResourcesBuildPhase section */
		03E2D4DE1F298669006D3727 /* Resources */ = {
			isa = PBXResourcesBuildPhase;
			buildActionMask = 2147483647;
			files = (
			);
			runOnlyForDeploymentPostprocessing = 0;
		};
		D7D46F3B1F0AF8D2009AD655 /* Resources */ = {
			isa = PBXResourcesBuildPhase;
			buildActionMask = 2147483647;
			files = (
				D7D46F4B1F0AF8D2009AD655 /* LaunchScreen.storyboard in Resources */,
				D7D46F481F0AF8D2009AD655 /* Assets.xcassets in Resources */,
				D7D46F461F0AF8D2009AD655 /* Main.storyboard in Resources */,
			);
			runOnlyForDeploymentPostprocessing = 0;
		};
/* End PBXResourcesBuildPhase section */

/* Begin PBXShellScriptBuildPhase section */
		D7D46F551F0AFCC9009AD655 /* ShellScript */ = {
			isa = PBXShellScriptBuildPhase;
			buildActionMask = 2147483647;
			files = (
			);
			inputPaths = (
				"$(SRCROOT)/Carthage/Build/iOS/RxSwift.framework",
				"$(SRCROOT)/Carthage/Build/iOS/RxCocoa.framework",
			);
			outputPaths = (
				"$(BUILT_PRODUCTS_DIR)/$(FRAMEWORKS_FOLDER_PATH)/RxSwift.framework",
				"$(BUILT_PRODUCTS_DIR)/$(FRAMEWORKS_FOLDER_PATH)/RxCocoa.framework",
			);
			runOnlyForDeploymentPostprocessing = 0;
			shellPath = /bin/sh;
			shellScript = "/usr/local/bin/carthage copy-frameworks";
		};
/* End PBXShellScriptBuildPhase section */

/* Begin PBXSourcesBuildPhase section */
		03E2D4DC1F298669006D3727 /* Sources */ = {
			isa = PBXSourcesBuildPhase;
			buildActionMask = 2147483647;
			files = (
				03E2D4E31F298669006D3727 /* CurrencyConversion_MVVMTests.swift in Sources */,
			);
			runOnlyForDeploymentPostprocessing = 0;
		};
		D7D46F391F0AF8D2009AD655 /* Sources */ = {
			isa = PBXSourcesBuildPhase;
			buildActionMask = 2147483647;
			files = (
				D7D46F431F0AF8D2009AD655 /* ViewController.swift in Sources */,
				D7D46F571F0AFDA9009AD655 /* ViewModel.swift in Sources */,
				D7D46F411F0AF8D2009AD655 /* AppDelegate.swift in Sources */,
			);
			runOnlyForDeploymentPostprocessing = 0;
		};
/* End PBXSourcesBuildPhase section */

/* Begin PBXTargetDependency section */
		03E2D4E61F298669006D3727 /* PBXTargetDependency */ = {
			isa = PBXTargetDependency;
			target = D7D46F3C1F0AF8D2009AD655 /* CurrencyConversion-MVVM */;
			targetProxy = 03E2D4E51F298669006D3727 /* PBXContainerItemProxy */;
		};
/* End PBXTargetDependency section */

/* Begin PBXVariantGroup section */
		D7D46F441F0AF8D2009AD655 /* Main.storyboard */ = {
			isa = PBXVariantGroup;
			children = (
				D7D46F451F0AF8D2009AD655 /* Base */,
			);
			name = Main.storyboard;
			sourceTree = "<group>";
		};
		D7D46F491F0AF8D2009AD655 /* LaunchScreen.storyboard */ = {
			isa = PBXVariantGroup;
			children = (
				D7D46F4A1F0AF8D2009AD655 /* Base */,
			);
			name = LaunchScreen.storyboard;
			sourceTree = "<group>";
		};
/* End PBXVariantGroup section */

/* Begin XCBuildConfiguration section */
		03E2D4E81F298669006D3727 /* Debug */ = {
			isa = XCBuildConfiguration;
			buildSettings = {
				BUNDLE_LOADER = "$(TEST_HOST)";
				DEVELOPMENT_TEAM = SM5YYQV5KY;
				FRAMEWORK_SEARCH_PATHS = (
					"$(inherited)",
					"$(PROJECT_DIR)/Carthage/Build/iOS",
				);
				INFOPLIST_FILE = "CurrencyConversion-MVVMTests/Info.plist";
				LD_RUNPATH_SEARCH_PATHS = "$(inherited) @executable_path/Frameworks @loader_path/Frameworks";
				PRODUCT_BUNDLE_IDENTIFIER = "com.test.CurrencyConversion-MVVMTests";
				PRODUCT_NAME = "$(TARGET_NAME)";
				SWIFT_VERSION = 3.0;
				TEST_HOST = "$(BUILT_PRODUCTS_DIR)/CurrencyConversion-MVVM.app/CurrencyConversion-MVVM";
			};
			name = Debug;
		};
		03E2D4E91F298669006D3727 /* Release */ = {
			isa = XCBuildConfiguration;
			buildSettings = {
				BUNDLE_LOADER = "$(TEST_HOST)";
				DEVELOPMENT_TEAM = SM5YYQV5KY;
				FRAMEWORK_SEARCH_PATHS = (
					"$(inherited)",
					"$(PROJECT_DIR)/Carthage/Build/iOS",
				);
				INFOPLIST_FILE = "CurrencyConversion-MVVMTests/Info.plist";
				LD_RUNPATH_SEARCH_PATHS = "$(inherited) @executable_path/Frameworks @loader_path/Frameworks";
				PRODUCT_BUNDLE_IDENTIFIER = "com.test.CurrencyConversion-MVVMTests";
				PRODUCT_NAME = "$(TARGET_NAME)";
				SWIFT_VERSION = 3.0;
				TEST_HOST = "$(BUILT_PRODUCTS_DIR)/CurrencyConversion-MVVM.app/CurrencyConversion-MVVM";
			};
			name = Release;
		};
		D7D46F4D1F0AF8D2009AD655 /* Debug */ = {
			isa = XCBuildConfiguration;
			buildSettings = {
				ALWAYS_SEARCH_USER_PATHS = NO;
				CLANG_ANALYZER_NONNULL = YES;
				CLANG_ANALYZER_NUMBER_OBJECT_CONVERSION = YES_AGGRESSIVE;
				CLANG_CXX_LANGUAGE_STANDARD = "gnu++0x";
				CLANG_CXX_LIBRARY = "libc++";
				CLANG_ENABLE_MODULES = YES;
				CLANG_ENABLE_OBJC_ARC = YES;
				CLANG_WARN_BOOL_CONVERSION = YES;
				CLANG_WARN_CONSTANT_CONVERSION = YES;
				CLANG_WARN_DIRECT_OBJC_ISA_USAGE = YES_ERROR;
				CLANG_WARN_DOCUMENTATION_COMMENTS = YES;
				CLANG_WARN_EMPTY_BODY = YES;
				CLANG_WARN_ENUM_CONVERSION = YES;
				CLANG_WARN_INFINITE_RECURSION = YES;
				CLANG_WARN_INT_CONVERSION = YES;
				CLANG_WARN_OBJC_ROOT_CLASS = YES_ERROR;
				CLANG_WARN_SUSPICIOUS_MOVE = YES;
				CLANG_WARN_UNREACHABLE_CODE = YES;
				CLANG_WARN__DUPLICATE_METHOD_MATCH = YES;
				"CODE_SIGN_IDENTITY[sdk=iphoneos*]" = "iPhone Developer";
				COPY_PHASE_STRIP = NO;
				DEBUG_INFORMATION_FORMAT = dwarf;
				ENABLE_STRICT_OBJC_MSGSEND = YES;
				ENABLE_TESTABILITY = YES;
				GCC_C_LANGUAGE_STANDARD = gnu99;
				GCC_DYNAMIC_NO_PIC = NO;
				GCC_NO_COMMON_BLOCKS = YES;
				GCC_OPTIMIZATION_LEVEL = 0;
				GCC_PREPROCESSOR_DEFINITIONS = (
					"DEBUG=1",
					"$(inherited)",
				);
				GCC_WARN_64_TO_32_BIT_CONVERSION = YES;
				GCC_WARN_ABOUT_RETURN_TYPE = YES_ERROR;
				GCC_WARN_UNDECLARED_SELECTOR = YES;
				GCC_WARN_UNINITIALIZED_AUTOS = YES_AGGRESSIVE;
				GCC_WARN_UNUSED_FUNCTION = YES;
				GCC_WARN_UNUSED_VARIABLE = YES;
				IPHONEOS_DEPLOYMENT_TARGET = 10.3;
				MTL_ENABLE_DEBUG_INFO = YES;
				ONLY_ACTIVE_ARCH = YES;
				SDKROOT = iphoneos;
				SWIFT_ACTIVE_COMPILATION_CONDITIONS = DEBUG;
				SWIFT_OPTIMIZATION_LEVEL = "-Onone";
			};
			name = Debug;
		};
		D7D46F4E1F0AF8D2009AD655 /* Release */ = {
			isa = XCBuildConfiguration;
			buildSettings = {
				ALWAYS_SEARCH_USER_PATHS = NO;
				CLANG_ANALYZER_NONNULL = YES;
				CLANG_ANALYZER_NUMBER_OBJECT_CONVERSION = YES_AGGRESSIVE;
				CLANG_CXX_LANGUAGE_STANDARD = "gnu++0x";
				CLANG_CXX_LIBRARY = "libc++";
				CLANG_ENABLE_MODULES = YES;
				CLANG_ENABLE_OBJC_ARC = YES;
				CLANG_WARN_BOOL_CONVERSION = YES;
				CLANG_WARN_CONSTANT_CONVERSION = YES;
				CLANG_WARN_DIRECT_OBJC_ISA_USAGE = YES_ERROR;
				CLANG_WARN_DOCUMENTATION_COMMENTS = YES;
				CLANG_WARN_EMPTY_BODY = YES;
				CLANG_WARN_ENUM_CONVERSION = YES;
				CLANG_WARN_INFINITE_RECURSION = YES;
				CLANG_WARN_INT_CONVERSION = YES;
				CLANG_WARN_OBJC_ROOT_CLASS = YES_ERROR;
				CLANG_WARN_SUSPICIOUS_MOVE = YES;
				CLANG_WARN_UNREACHABLE_CODE = YES;
				CLANG_WARN__DUPLICATE_METHOD_MATCH = YES;
				"CODE_SIGN_IDENTITY[sdk=iphoneos*]" = "iPhone Developer";
				COPY_PHASE_STRIP = NO;
				DEBUG_INFORMATION_FORMAT = "dwarf-with-dsym";
				ENABLE_NS_ASSERTIONS = NO;
				ENABLE_STRICT_OBJC_MSGSEND = YES;
				GCC_C_LANGUAGE_STANDARD = gnu99;
				GCC_NO_COMMON_BLOCKS = YES;
				GCC_WARN_64_TO_32_BIT_CONVERSION = YES;
				GCC_WARN_ABOUT_RETURN_TYPE = YES_ERROR;
				GCC_WARN_UNDECLARED_SELECTOR = YES;
				GCC_WARN_UNINITIALIZED_AUTOS = YES_AGGRESSIVE;
				GCC_WARN_UNUSED_FUNCTION = YES;
				GCC_WARN_UNUSED_VARIABLE = YES;
				IPHONEOS_DEPLOYMENT_TARGET = 10.3;
				MTL_ENABLE_DEBUG_INFO = NO;
				SDKROOT = iphoneos;
				SWIFT_OPTIMIZATION_LEVEL = "-Owholemodule";
				VALIDATE_PRODUCT = YES;
			};
			name = Release;
		};
		D7D46F501F0AF8D2009AD655 /* Debug */ = {
			isa = XCBuildConfiguration;
			buildSettings = {
				ASSETCATALOG_COMPILER_APPICON_NAME = AppIcon;
				FRAMEWORK_SEARCH_PATHS = (
					"$(inherited)",
					"$(PROJECT_DIR)/Carthage/Build/iOS",
				);
				INFOPLIST_FILE = "CurrencyConversion-MVVM/Info.plist";
				LD_RUNPATH_SEARCH_PATHS = "$(inherited) @executable_path/Frameworks";
				PRODUCT_BUNDLE_IDENTIFIER = "com.test.CurrencyConversion-MVVM";
				PRODUCT_NAME = "$(TARGET_NAME)";
				SWIFT_VERSION = 3.0;
			};
			name = Debug;
		};
		D7D46F511F0AF8D2009AD655 /* Release */ = {
			isa = XCBuildConfiguration;
			buildSettings = {
				ASSETCATALOG_COMPILER_APPICON_NAME = AppIcon;
				FRAMEWORK_SEARCH_PATHS = (
					"$(inherited)",
					"$(PROJECT_DIR)/Carthage/Build/iOS",
				);
				INFOPLIST_FILE = "CurrencyConversion-MVVM/Info.plist";
				LD_RUNPATH_SEARCH_PATHS = "$(inherited) @executable_path/Frameworks";
				PRODUCT_BUNDLE_IDENTIFIER = "com.test.CurrencyConversion-MVVM";
				PRODUCT_NAME = "$(TARGET_NAME)";
				SWIFT_VERSION = 3.0;
			};
			name = Release;
		};
/* End XCBuildConfiguration section */

/* Begin XCConfigurationList section */
		03E2D4E71F298669006D3727 /* Build configuration list for PBXNativeTarget "CurrencyConversion-MVVMTests" */ = {
			isa = XCConfigurationList;
			buildConfigurations = (
				03E2D4E81F298669006D3727 /* Debug */,
				03E2D4E91F298669006D3727 /* Release */,
			);
			defaultConfigurationIsVisible = 0;
		};
		D7D46F381F0AF8D2009AD655 /* Build configuration list for PBXProject "CurrencyConversion-MVVM" */ = {
			isa = XCConfigurationList;
			buildConfigurations = (
				D7D46F4D1F0AF8D2009AD655 /* Debug */,
				D7D46F4E1F0AF8D2009AD655 /* Release */,
			);
			defaultConfigurationIsVisible = 0;
			defaultConfigurationName = Release;
		};
		D7D46F4F1F0AF8D2009AD655 /* Build configuration list for PBXNativeTarget "CurrencyConversion-MVVM" */ = {
			isa = XCConfigurationList;
			buildConfigurations = (
				D7D46F501F0AF8D2009AD655 /* Debug */,
				D7D46F511F0AF8D2009AD655 /* Release */,
			);
			defaultConfigurationIsVisible = 0;
			defaultConfigurationName = Release;
		};
/* End XCConfigurationList section */
	};
	rootObject = D7D46F351F0AF8D2009AD655 /* Project object */;
}
